
Microsoft Visual Studio Solution File, Format Version 12.00
# Visual Studio 14
VisualStudioVersion = 14.0.24720.0
MinimumVisualStudioVersion = 10.0.40219.1
Project("{FAE04EC0-301F-11D3-BF4B-00C04F79EFBC}") = "Customers", "Customers\Customers.csproj", "{BF3F2A07-EEDF-4199-B17E-DC50B2D9971C}"
EndProject
Project("{2150E333-8FDC-42A3-9474-1A3956D46DE8}") = "Containers", "Containers", "{155F7E3C-A6BB-49D6-A01E-BC7A304CDCD6}"
EndProject
Project("{FAE04EC0-301F-11D3-BF4B-00C04F79EFBC}") = "Customers.Droid", "Customers.Droid\Customers.Droid.csproj", "{1C845929-5FFE-45B6-A9CE-95B74925AFCC}"
EndProject
Project("{FAE04EC0-301F-11D3-BF4B-00C04F79EFBC}") = "Customers.iOS", "Customers.iOS\Customers.iOS.csproj", "{B6131A9A-D5B1-443F-9D70-C21F3C8EE5D2}"
EndProject
Project("{FAE04EC0-301F-11D3-BF4B-00C04F79EFBC}") = "Customers.WinPhone", "Customers.WinPhone\Customers.WinPhone.csproj", "{2197E413-89F6-406F-9089-D132746E84D0}"
EndProject
Project("{FAE04EC0-301F-11D3-BF4B-00C04F79EFBC}") = "Customers.Windows", "Customers.Windows\Customers.Windows.csproj", "{81EA1E23-BD16-40C8-8FB9-FFAF315840F2}"
EndProject
Global
	GlobalSection(SolutionConfigurationPlatforms) = preSolution
		Ad-Hoc|Any CPU = Ad-Hoc|Any CPU
		Ad-Hoc|ARM = Ad-Hoc|ARM
		Ad-Hoc|iPhone = Ad-Hoc|iPhone
		Ad-Hoc|iPhoneSimulator = Ad-Hoc|iPhoneSimulator
		Ad-Hoc|x86 = Ad-Hoc|x86
		AppStore|Any CPU = AppStore|Any CPU
		AppStore|ARM = AppStore|ARM
		AppStore|iPhone = AppStore|iPhone
		AppStore|iPhoneSimulator = AppStore|iPhoneSimulator
		AppStore|x86 = AppStore|x86
		Debug|Any CPU = Debug|Any CPU
		Debug|ARM = Debug|ARM
		Debug|iPhone = Debug|iPhone
		Debug|iPhoneSimulator = Debug|iPhoneSimulator
		Debug|x86 = Debug|x86
		Release|Any CPU = Release|Any CPU
		Release|ARM = Release|ARM
		Release|iPhone = Release|iPhone
		Release|iPhoneSimulator = Release|iPhoneSimulator
		Release|x86 = Release|x86
	EndGlobalSection
	GlobalSection(ProjectConfigurationPlatforms) = postSolution
		{BF3F2A07-EEDF-4199-B17E-DC50B2D9971C}.Ad-Hoc|Any CPU.ActiveCfg = Release|Any CPU
		{BF3F2A07-EEDF-4199-B17E-DC50B2D9971C}.Ad-Hoc|Any CPU.Build.0 = Release|Any CPU
		{BF3F2A07-EEDF-4199-B17E-DC50B2D9971C}.Ad-Hoc|ARM.ActiveCfg = Debug|Any CPU
		{BF3F2A07-EEDF-4199-B17E-DC50B2D9971C}.Ad-Hoc|ARM.Build.0 = Debug|Any CPU
		{BF3F2A07-EEDF-4199-B17E-DC50B2D9971C}.Ad-Hoc|iPhone.ActiveCfg = Release|Any CPU
		{BF3F2A07-EEDF-4199-B17E-DC50B2D9971C}.Ad-Hoc|iPhone.Build.0 = Release|Any CPU
		{BF3F2A07-EEDF-4199-B17E-DC50B2D9971C}.Ad-Hoc|iPhoneSimulator.ActiveCfg = Release|Any CPU
		{BF3F2A07-EEDF-4199-B17E-DC50B2D9971C}.Ad-Hoc|iPhoneSimulator.Build.0 = Release|Any CPU
		{BF3F2A07-EEDF-4199-B17E-DC50B2D9971C}.Ad-Hoc|x86.ActiveCfg = Release|Any CPU
		{BF3F2A07-EEDF-4199-B17E-DC50B2D9971C}.Ad-Hoc|x86.Build.0 = Release|Any CPU
		{BF3F2A07-EEDF-4199-B17E-DC50B2D9971C}.AppStore|Any CPU.ActiveCfg = Release|Any CPU
		{BF3F2A07-EEDF-4199-B17E-DC50B2D9971C}.AppStore|Any CPU.Build.0 = Release|Any CPU
		{BF3F2A07-EEDF-4199-B17E-DC50B2D9971C}.AppStore|ARM.ActiveCfg = Debug|Any CPU
		{BF3F2A07-EEDF-4199-B17E-DC50B2D9971C}.AppStore|ARM.Build.0 = Debug|Any CPU
		{BF3F2A07-EEDF-4199-B17E-DC50B2D9971C}.AppStore|iPhone.ActiveCfg = Release|Any CPU
		{BF3F2A07-EEDF-4199-B17E-DC50B2D9971C}.AppStore|iPhone.Build.0 = Release|Any CPU
		{BF3F2A07-EEDF-4199-B17E-DC50B2D9971C}.AppStore|iPhoneSimulator.ActiveCfg = Release|Any CPU
		{BF3F2A07-EEDF-4199-B17E-DC50B2D9971C}.AppStore|iPhoneSimulator.Build.0 = Release|Any CPU
		{BF3F2A07-EEDF-4199-B17E-DC50B2D9971C}.AppStore|x86.ActiveCfg = Release|Any CPU
		{BF3F2A07-EEDF-4199-B17E-DC50B2D9971C}.AppStore|x86.Build.0 = Release|Any CPU
		{BF3F2A07-EEDF-4199-B17E-DC50B2D9971C}.Debug|Any CPU.ActiveCfg = Debug|Any CPU
		{BF3F2A07-EEDF-4199-B17E-DC50B2D9971C}.Debug|Any CPU.Build.0 = Debug|Any CPU
		{BF3F2A07-EEDF-4199-B17E-DC50B2D9971C}.Debug|ARM.ActiveCfg = Debug|Any CPU
		{BF3F2A07-EEDF-4199-B17E-DC50B2D9971C}.Debug|ARM.Build.0 = Debug|Any CPU
		{BF3F2A07-EEDF-4199-B17E-DC50B2D9971C}.Debug|iPhone.ActiveCfg = Debug|Any CPU
		{BF3F2A07-EEDF-4199-B17E-DC50B2D9971C}.Debug|iPhone.Build.0 = Debug|Any CPU
		{BF3F2A07-EEDF-4199-B17E-DC50B2D9971C}.Debug|iPhoneSimulator.ActiveCfg = Debug|Any CPU
		{BF3F2A07-EEDF-4199-B17E-DC50B2D9971C}.Debug|iPhoneSimulator.Build.0 = Debug|Any CPU
		{BF3F2A07-EEDF-4199-B17E-DC50B2D9971C}.Debug|x86.ActiveCfg = Debug|Any CPU
		{BF3F2A07-EEDF-4199-B17E-DC50B2D9971C}.Debug|x86.Build.0 = Debug|Any CPU
		{BF3F2A07-EEDF-4199-B17E-DC50B2D9971C}.Release|Any CPU.ActiveCfg = Release|Any CPU
		{BF3F2A07-EEDF-4199-B17E-DC50B2D9971C}.Release|Any CPU.Build.0 = Release|Any CPU
		{BF3F2A07-EEDF-4199-B17E-DC50B2D9971C}.Release|ARM.ActiveCfg = Release|Any CPU
		{BF3F2A07-EEDF-4199-B17E-DC50B2D9971C}.Release|ARM.Build.0 = Release|Any CPU
		{BF3F2A07-EEDF-4199-B17E-DC50B2D9971C}.Release|iPhone.ActiveCfg = Release|Any CPU
		{BF3F2A07-EEDF-4199-B17E-DC50B2D9971C}.Release|iPhone.Build.0 = Release|Any CPU
		{BF3F2A07-EEDF-4199-B17E-DC50B2D9971C}.Release|iPhoneSimulator.ActiveCfg = Release|Any CPU
		{BF3F2A07-EEDF-4199-B17E-DC50B2D9971C}.Release|iPhoneSimulator.Build.0 = Release|Any CPU
		{BF3F2A07-EEDF-4199-B17E-DC50B2D9971C}.Release|x86.ActiveCfg = Release|Any CPU
		{BF3F2A07-EEDF-4199-B17E-DC50B2D9971C}.Release|x86.Build.0 = Release|Any CPU
		{1C845929-5FFE-45B6-A9CE-95B74925AFCC}.Ad-Hoc|Any CPU.ActiveCfg = Release|Any CPU
		{1C845929-5FFE-45B6-A9CE-95B74925AFCC}.Ad-Hoc|Any CPU.Build.0 = Release|Any CPU
		{1C845929-5FFE-45B6-A9CE-95B74925AFCC}.Ad-Hoc|Any CPU.Deploy.0 = Release|Any CPU
		{1C845929-5FFE-45B6-A9CE-95B74925AFCC}.Ad-Hoc|ARM.ActiveCfg = Debug|Any CPU
		{1C845929-5FFE-45B6-A9CE-95B74925AFCC}.Ad-Hoc|ARM.Build.0 = Debug|Any CPU
		{1C845929-5FFE-45B6-A9CE-95B74925AFCC}.Ad-Hoc|ARM.Deploy.0 = Debug|Any CPU
		{1C845929-5FFE-45B6-A9CE-95B74925AFCC}.Ad-Hoc|iPhone.ActiveCfg = Release|Any CPU
		{1C845929-5FFE-45B6-A9CE-95B74925AFCC}.Ad-Hoc|iPhone.Build.0 = Release|Any CPU
		{1C845929-5FFE-45B6-A9CE-95B74925AFCC}.Ad-Hoc|iPhone.Deploy.0 = Release|Any CPU
		{1C845929-5FFE-45B6-A9CE-95B74925AFCC}.Ad-Hoc|iPhoneSimulator.ActiveCfg = Release|Any CPU
		{1C845929-5FFE-45B6-A9CE-95B74925AFCC}.Ad-Hoc|iPhoneSimulator.Build.0 = Release|Any CPU
		{1C845929-5FFE-45B6-A9CE-95B74925AFCC}.Ad-Hoc|iPhoneSimulator.Deploy.0 = Release|Any CPU
		{1C845929-5FFE-45B6-A9CE-95B74925AFCC}.Ad-Hoc|x86.ActiveCfg = Release|Any CPU
		{1C845929-5FFE-45B6-A9CE-95B74925AFCC}.Ad-Hoc|x86.Build.0 = Release|Any CPU
		{1C845929-5FFE-45B6-A9CE-95B74925AFCC}.Ad-Hoc|x86.Deploy.0 = Release|Any CPU
		{1C845929-5FFE-45B6-A9CE-95B74925AFCC}.AppStore|Any CPU.ActiveCfg = Release|Any CPU
		{1C845929-5FFE-45B6-A9CE-95B74925AFCC}.AppStore|Any CPU.Build.0 = Release|Any CPU
		{1C845929-5FFE-45B6-A9CE-95B74925AFCC}.AppStore|Any CPU.Deploy.0 = Release|Any CPU
		{1C845929-5FFE-45B6-A9CE-95B74925AFCC}.AppStore|ARM.ActiveCfg = Debug|Any CPU
		{1C845929-5FFE-45B6-A9CE-95B74925AFCC}.AppStore|ARM.Build.0 = Debug|Any CPU
		{1C845929-5FFE-45B6-A9CE-95B74925AFCC}.AppStore|ARM.Deploy.0 = Debug|Any CPU
		{1C845929-5FFE-45B6-A9CE-95B74925AFCC}.AppStore|iPhone.ActiveCfg = Release|Any CPU
		{1C845929-5FFE-45B6-A9CE-95B74925AFCC}.AppStore|iPhone.Build.0 = Release|Any CPU
		{1C845929-5FFE-45B6-A9CE-95B74925AFCC}.AppStore|iPhone.Deploy.0 = Release|Any CPU
		{1C845929-5FFE-45B6-A9CE-95B74925AFCC}.AppStore|iPhoneSimulator.ActiveCfg = Release|Any CPU
		{1C845929-5FFE-45B6-A9CE-95B74925AFCC}.AppStore|iPhoneSimulator.Build.0 = Release|Any CPU
		{1C845929-5FFE-45B6-A9CE-95B74925AFCC}.AppStore|iPhoneSimulator.Deploy.0 = Release|Any CPU
		{1C845929-5FFE-45B6-A9CE-95B74925AFCC}.AppStore|x86.ActiveCfg = Release|Any CPU
		{1C845929-5FFE-45B6-A9CE-95B74925AFCC}.AppStore|x86.Build.0 = Release|Any CPU
		{1C845929-5FFE-45B6-A9CE-95B74925AFCC}.AppStore|x86.Deploy.0 = Release|Any CPU
		{1C845929-5FFE-45B6-A9CE-95B74925AFCC}.Debug|Any CPU.ActiveCfg = Debug|Any CPU
		{1C845929-5FFE-45B6-A9CE-95B74925AFCC}.Debug|Any CPU.Build.0 = Debug|Any CPU
		{1C845929-5FFE-45B6-A9CE-95B74925AFCC}.Debug|Any CPU.Deploy.0 = Debug|Any CPU
		{1C845929-5FFE-45B6-A9CE-95B74925AFCC}.Debug|ARM.ActiveCfg = Debug|Any CPU
		{1C845929-5FFE-45B6-A9CE-95B74925AFCC}.Debug|ARM.Build.0 = Debug|Any CPU
		{1C845929-5FFE-45B6-A9CE-95B74925AFCC}.Debug|ARM.Deploy.0 = Debug|Any CPU
		{1C845929-5FFE-45B6-A9CE-95B74925AFCC}.Debug|iPhone.ActiveCfg = Debug|Any CPU
		{1C845929-5FFE-45B6-A9CE-95B74925AFCC}.Debug|iPhone.Build.0 = Debug|Any CPU
		{1C845929-5FFE-45B6-A9CE-95B74925AFCC}.Debug|iPhone.Deploy.0 = Debug|Any CPU
		{1C845929-5FFE-45B6-A9CE-95B74925AFCC}.Debug|iPhoneSimulator.ActiveCfg = Debug|Any CPU
		{1C845929-5FFE-45B6-A9CE-95B74925AFCC}.Debug|iPhoneSimulator.Build.0 = Debug|Any CPU
		{1C845929-5FFE-45B6-A9CE-95B74925AFCC}.Debug|iPhoneSimulator.Deploy.0 = Debug|Any CPU
		{1C845929-5FFE-45B6-A9CE-95B74925AFCC}.Debug|x86.ActiveCfg = Debug|Any CPU
		{1C845929-5FFE-45B6-A9CE-95B74925AFCC}.Debug|x86.Build.0 = Debug|Any CPU
		{1C845929-5FFE-45B6-A9CE-95B74925AFCC}.Debug|x86.Deploy.0 = Debug|Any CPU
		{1C845929-5FFE-45B6-A9CE-95B74925AFCC}.Release|Any CPU.ActiveCfg = Release|Any CPU
		{1C845929-5FFE-45B6-A9CE-95B74925AFCC}.Release|Any CPU.Build.0 = Release|Any CPU
		{1C845929-5FFE-45B6-A9CE-95B74925AFCC}.Release|Any CPU.Deploy.0 = Release|Any CPU
		{1C845929-5FFE-45B6-A9CE-95B74925AFCC}.Release|ARM.ActiveCfg = Release|Any CPU
		{1C845929-5FFE-45B6-A9CE-95B74925AFCC}.Release|ARM.Build.0 = Release|Any CPU
		{1C845929-5FFE-45B6-A9CE-95B74925AFCC}.Release|ARM.Deploy.0 = Release|Any CPU
		{1C845929-5FFE-45B6-A9CE-95B74925AFCC}.Release|iPhone.ActiveCfg = Release|Any CPU
		{1C845929-5FFE-45B6-A9CE-95B74925AFCC}.Release|iPhone.Build.0 = Release|Any CPU
		{1C845929-5FFE-45B6-A9CE-95B74925AFCC}.Release|iPhone.Deploy.0 = Release|Any CPU
		{1C845929-5FFE-45B6-A9CE-95B74925AFCC}.Release|iPhoneSimulator.ActiveCfg = Release|Any CPU
		{1C845929-5FFE-45B6-A9CE-95B74925AFCC}.Release|iPhoneSimulator.Build.0 = Release|Any CPU
		{1C845929-5FFE-45B6-A9CE-95B74925AFCC}.Release|iPhoneSimulator.Deploy.0 = Release|Any CPU
		{1C845929-5FFE-45B6-A9CE-95B74925AFCC}.Release|x86.ActiveCfg = Release|Any CPU
		{1C845929-5FFE-45B6-A9CE-95B74925AFCC}.Release|x86.Build.0 = Release|Any CPU
		{1C845929-5FFE-45B6-A9CE-95B74925AFCC}.Release|x86.Deploy.0 = Release|Any CPU
		{B6131A9A-D5B1-443F-9D70-C21F3C8EE5D2}.Ad-Hoc|Any CPU.ActiveCfg = Ad-Hoc|Any CPU
		{B6131A9A-D5B1-443F-9D70-C21F3C8EE5D2}.Ad-Hoc|Any CPU.Build.0 = Ad-Hoc|Any CPU
		{B6131A9A-D5B1-443F-9D70-C21F3C8EE5D2}.Ad-Hoc|ARM.ActiveCfg = Ad-Hoc|Any CPU
		{B6131A9A-D5B1-443F-9D70-C21F3C8EE5D2}.Ad-Hoc|ARM.Build.0 = Ad-Hoc|Any CPU
		{B6131A9A-D5B1-443F-9D70-C21F3C8EE5D2}.Ad-Hoc|iPhone.ActiveCfg = Ad-Hoc|iPhone
		{B6131A9A-D5B1-443F-9D70-C21F3C8EE5D2}.Ad-Hoc|iPhone.Build.0 = Ad-Hoc|iPhone
		{B6131A9A-D5B1-443F-9D70-C21F3C8EE5D2}.Ad-Hoc|iPhoneSimulator.ActiveCfg = Ad-Hoc|iPhoneSimulator
		{B6131A9A-D5B1-443F-9D70-C21F3C8EE5D2}.Ad-Hoc|iPhoneSimulator.Build.0 = Ad-Hoc|iPhoneSimulator
		{B6131A9A-D5B1-443F-9D70-C21F3C8EE5D2}.Ad-Hoc|x86.ActiveCfg = Ad-Hoc|Any CPU
		{B6131A9A-D5B1-443F-9D70-C21F3C8EE5D2}.Ad-Hoc|x86.Build.0 = Ad-Hoc|Any CPU
		{B6131A9A-D5B1-443F-9D70-C21F3C8EE5D2}.AppStore|Any CPU.ActiveCfg = AppStore|Any CPU
		{B6131A9A-D5B1-443F-9D70-C21F3C8EE5D2}.AppStore|Any CPU.Build.0 = AppStore|Any CPU
		{B6131A9A-D5B1-443F-9D70-C21F3C8EE5D2}.AppStore|ARM.ActiveCfg = AppStore|Any CPU
		{B6131A9A-D5B1-443F-9D70-C21F3C8EE5D2}.AppStore|ARM.Build.0 = AppStore|Any CPU
		{B6131A9A-D5B1-443F-9D70-C21F3C8EE5D2}.AppStore|iPhone.ActiveCfg = AppStore|iPhone
		{B6131A9A-D5B1-443F-9D70-C21F3C8EE5D2}.AppStore|iPhone.Build.0 = AppStore|iPhone
		{B6131A9A-D5B1-443F-9D70-C21F3C8EE5D2}.AppStore|iPhoneSimulator.ActiveCfg = AppStore|iPhoneSimulator
		{B6131A9A-D5B1-443F-9D70-C21F3C8EE5D2}.AppStore|iPhoneSimulator.Build.0 = AppStore|iPhoneSimulator
		{B6131A9A-D5B1-443F-9D70-C21F3C8EE5D2}.AppStore|x86.ActiveCfg = AppStore|Any CPU
		{B6131A9A-D5B1-443F-9D70-C21F3C8EE5D2}.AppStore|x86.Build.0 = AppStore|Any CPU
		{B6131A9A-D5B1-443F-9D70-C21F3C8EE5D2}.Debug|Any CPU.ActiveCfg = Debug|Any CPU
		{B6131A9A-D5B1-443F-9D70-C21F3C8EE5D2}.Debug|Any CPU.Build.0 = Debug|Any CPU
		{B6131A9A-D5B1-443F-9D70-C21F3C8EE5D2}.Debug|ARM.ActiveCfg = Debug|Any CPU
		{B6131A9A-D5B1-443F-9D70-C21F3C8EE5D2}.Debug|ARM.Build.0 = Debug|Any CPU
		{B6131A9A-D5B1-443F-9D70-C21F3C8EE5D2}.Debug|iPhone.ActiveCfg = Debug|iPhone
		{B6131A9A-D5B1-443F-9D70-C21F3C8EE5D2}.Debug|iPhone.Build.0 = Debug|iPhone
		{B6131A9A-D5B1-443F-9D70-C21F3C8EE5D2}.Debug|iPhoneSimulator.ActiveCfg = Debug|iPhoneSimulator
		{B6131A9A-D5B1-443F-9D70-C21F3C8EE5D2}.Debug|iPhoneSimulator.Build.0 = Debug|iPhoneSimulator
		{B6131A9A-D5B1-443F-9D70-C21F3C8EE5D2}.Debug|x86.ActiveCfg = Debug|Any CPU
		{B6131A9A-D5B1-443F-9D70-C21F3C8EE5D2}.Debug|x86.Build.0 = Debug|Any CPU
		{B6131A9A-D5B1-443F-9D70-C21F3C8EE5D2}.Release|Any CPU.ActiveCfg = Release|Any CPU
		{B6131A9A-D5B1-443F-9D70-C21F3C8EE5D2}.Release|Any CPU.Build.0 = Release|Any CPU
		{B6131A9A-D5B1-443F-9D70-C21F3C8EE5D2}.Release|ARM.ActiveCfg = Release|Any CPU
		{B6131A9A-D5B1-443F-9D70-C21F3C8EE5D2}.Release|ARM.Build.0 = Release|Any CPU
		{B6131A9A-D5B1-443F-9D70-C21F3C8EE5D2}.Release|iPhone.ActiveCfg = Release|iPhone
		{B6131A9A-D5B1-443F-9D70-C21F3C8EE5D2}.Release|iPhone.Build.0 = Release|iPhone
		{B6131A9A-D5B1-443F-9D70-C21F3C8EE5D2}.Release|iPhoneSimulator.ActiveCfg = Release|iPhoneSimulator
		{B6131A9A-D5B1-443F-9D70-C21F3C8EE5D2}.Release|iPhoneSimulator.Build.0 = Release|iPhoneSimulator
		{B6131A9A-D5B1-443F-9D70-C21F3C8EE5D2}.Release|x86.ActiveCfg = Release|Any CPU
		{B6131A9A-D5B1-443F-9D70-C21F3C8EE5D2}.Release|x86.Build.0 = Release|Any CPU
		{2197E413-89F6-406F-9089-D132746E84D0}.Ad-Hoc|Any CPU.ActiveCfg = Release|Any CPU
		{2197E413-89F6-406F-9089-D132746E84D0}.Ad-Hoc|Any CPU.Build.0 = Release|Any CPU
		{2197E413-89F6-406F-9089-D132746E84D0}.Ad-Hoc|Any CPU.Deploy.0 = Release|Any CPU
		{2197E413-89F6-406F-9089-D132746E84D0}.Ad-Hoc|ARM.ActiveCfg = Release|ARM
		{2197E413-89F6-406F-9089-D132746E84D0}.Ad-Hoc|ARM.Build.0 = Release|ARM
		{2197E413-89F6-406F-9089-D132746E84D0}.Ad-Hoc|ARM.Deploy.0 = Release|ARM
		{2197E413-89F6-406F-9089-D132746E84D0}.Ad-Hoc|iPhone.ActiveCfg = Release|Any CPU
		{2197E413-89F6-406F-9089-D132746E84D0}.Ad-Hoc|iPhone.Build.0 = Release|Any CPU
		{2197E413-89F6-406F-9089-D132746E84D0}.Ad-Hoc|iPhone.Deploy.0 = Release|Any CPU
		{2197E413-89F6-406F-9089-D132746E84D0}.Ad-Hoc|iPhoneSimulator.ActiveCfg = Release|Any CPU
		{2197E413-89F6-406F-9089-D132746E84D0}.Ad-Hoc|iPhoneSimulator.Build.0 = Release|Any CPU
		{2197E413-89F6-406F-9089-D132746E84D0}.Ad-Hoc|iPhoneSimulator.Deploy.0 = Release|Any CPU
		{2197E413-89F6-406F-9089-D132746E84D0}.Ad-Hoc|x86.ActiveCfg = Release|x86
		{2197E413-89F6-406F-9089-D132746E84D0}.Ad-Hoc|x86.Build.0 = Release|x86
		{2197E413-89F6-406F-9089-D132746E84D0}.Ad-Hoc|x86.Deploy.0 = Release|x86
		{2197E413-89F6-406F-9089-D132746E84D0}.AppStore|Any CPU.ActiveCfg = Release|Any CPU
		{2197E413-89F6-406F-9089-D132746E84D0}.AppStore|Any CPU.Build.0 = Release|Any CPU
		{2197E413-89F6-406F-9089-D132746E84D0}.AppStore|Any CPU.Deploy.0 = Release|Any CPU
		{2197E413-89F6-406F-9089-D132746E84D0}.AppStore|ARM.ActiveCfg = Release|ARM
		{2197E413-89F6-406F-9089-D132746E84D0}.AppStore|ARM.Build.0 = Release|ARM
		{2197E413-89F6-406F-9089-D132746E84D0}.AppStore|ARM.Deploy.0 = Release|ARM
		{2197E413-89F6-406F-9089-D132746E84D0}.AppStore|iPhone.ActiveCfg = Release|Any CPU
		{2197E413-89F6-406F-9089-D132746E84D0}.AppStore|iPhone.Build.0 = Release|Any CPU
		{2197E413-89F6-406F-9089-D132746E84D0}.AppStore|iPhone.Deploy.0 = Release|Any CPU
		{2197E413-89F6-406F-9089-D132746E84D0}.AppStore|iPhoneSimulator.ActiveCfg = Release|Any CPU
		{2197E413-89F6-406F-9089-D132746E84D0}.AppStore|iPhoneSimulator.Build.0 = Release|Any CPU
		{2197E413-89F6-406F-9089-D132746E84D0}.AppStore|iPhoneSimulator.Deploy.0 = Release|Any CPU
		{2197E413-89F6-406F-9089-D132746E84D0}.AppStore|x86.ActiveCfg = Release|x86
		{2197E413-89F6-406F-9089-D132746E84D0}.AppStore|x86.Build.0 = Release|x86
		{2197E413-89F6-406F-9089-D132746E84D0}.AppStore|x86.Deploy.0 = Release|x86
		{2197E413-89F6-406F-9089-D132746E84D0}.Debug|Any CPU.ActiveCfg = Debug|Any CPU
		{2197E413-89F6-406F-9089-D132746E84D0}.Debug|Any CPU.Build.0 = Debug|Any CPU
		{2197E413-89F6-406F-9089-D132746E84D0}.Debug|Any CPU.Deploy.0 = Debug|Any CPU
		{2197E413-89F6-406F-9089-D132746E84D0}.Debug|ARM.ActiveCfg = Debug|ARM
		{2197E413-89F6-406F-9089-D132746E84D0}.Debug|ARM.Build.0 = Debug|ARM
		{2197E413-89F6-406F-9089-D132746E84D0}.Debug|ARM.Deploy.0 = Debug|ARM
		{2197E413-89F6-406F-9089-D132746E84D0}.Debug|iPhone.ActiveCfg = Debug|Any CPU
		{2197E413-89F6-406F-9089-D132746E84D0}.Debug|iPhone.Build.0 = Debug|Any CPU
		{2197E413-89F6-406F-9089-D132746E84D0}.Debug|iPhone.Deploy.0 = Debug|Any CPU
		{2197E413-89F6-406F-9089-D132746E84D0}.Debug|iPhoneSimulator.ActiveCfg = Debug|Any CPU
		{2197E413-89F6-406F-9089-D132746E84D0}.Debug|iPhoneSimulator.Build.0 = Debug|Any CPU
		{2197E413-89F6-406F-9089-D132746E84D0}.Debug|iPhoneSimulator.Deploy.0 = Debug|Any CPU
		{2197E413-89F6-406F-9089-D132746E84D0}.Debug|x86.ActiveCfg = Debug|x86
		{2197E413-89F6-406F-9089-D132746E84D0}.Debug|x86.Build.0 = Debug|x86
		{2197E413-89F6-406F-9089-D132746E84D0}.Debug|x86.Deploy.0 = Debug|x86
		{2197E413-89F6-406F-9089-D132746E84D0}.Release|Any CPU.ActiveCfg = Release|Any CPU
		{2197E413-89F6-406F-9089-D132746E84D0}.Release|Any CPU.Build.0 = Release|Any CPU
		{2197E413-89F6-406F-9089-D132746E84D0}.Release|Any CPU.Deploy.0 = Release|Any CPU
		{2197E413-89F6-406F-9089-D132746E84D0}.Release|ARM.ActiveCfg = Release|ARM
		{2197E413-89F6-406F-9089-D132746E84D0}.Release|ARM.Build.0 = Release|ARM
		{2197E413-89F6-406F-9089-D132746E84D0}.Release|ARM.Deploy.0 = Release|ARM
		{2197E413-89F6-406F-9089-D132746E84D0}.Release|iPhone.ActiveCfg = Release|Any CPU
		{2197E413-89F6-406F-9089-D132746E84D0}.Release|iPhone.Build.0 = Release|Any CPU
		{2197E413-89F6-406F-9089-D132746E84D0}.Release|iPhone.Deploy.0 = Release|Any CPU
		{2197E413-89F6-406F-9089-D132746E84D0}.Release|iPhoneSimulator.ActiveCfg = Release|Any CPU
		{2197E413-89F6-406F-9089-D132746E84D0}.Release|iPhoneSimulator.Build.0 = Release|Any CPU
		{2197E413-89F6-406F-9089-D132746E84D0}.Release|iPhoneSimulator.Deploy.0 = Release|Any CPU
		{2197E413-89F6-406F-9089-D132746E84D0}.Release|x86.ActiveCfg = Release|x86
		{2197E413-89F6-406F-9089-D132746E84D0}.Release|x86.Build.0 = Release|x86
		{2197E413-89F6-406F-9089-D132746E84D0}.Release|x86.Deploy.0 = Release|x86
		{81EA1E23-BD16-40C8-8FB9-FFAF315840F2}.Ad-Hoc|Any CPU.ActiveCfg = Release|Any CPU
		{81EA1E23-BD16-40C8-8FB9-FFAF315840F2}.Ad-Hoc|Any CPU.Build.0 = Release|Any CPU
		{81EA1E23-BD16-40C8-8FB9-FFAF315840F2}.Ad-Hoc|ARM.ActiveCfg = Release|Any CPU
		{81EA1E23-BD16-40C8-8FB9-FFAF315840F2}.Ad-Hoc|ARM.Build.0 = Release|Any CPU
		{81EA1E23-BD16-40C8-8FB9-FFAF315840F2}.Ad-Hoc|iPhone.ActiveCfg = Release|Any CPU
		{81EA1E23-BD16-40C8-8FB9-FFAF315840F2}.Ad-Hoc|iPhone.Build.0 = Release|Any CPU
		{81EA1E23-BD16-40C8-8FB9-FFAF315840F2}.Ad-Hoc|iPhoneSimulator.ActiveCfg = Release|Any CPU
		{81EA1E23-BD16-40C8-8FB9-FFAF315840F2}.Ad-Hoc|iPhoneSimulator.Build.0 = Release|Any CPU
		{81EA1E23-BD16-40C8-8FB9-FFAF315840F2}.Ad-Hoc|x86.ActiveCfg = Release|x86
		{81EA1E23-BD16-40C8-8FB9-FFAF315840F2}.Ad-Hoc|x86.Build.0 = Release|x86
		{81EA1E23-BD16-40C8-8FB9-FFAF315840F2}.AppStore|Any CPU.ActiveCfg = Release|Any CPU
		{81EA1E23-BD16-40C8-8FB9-FFAF315840F2}.AppStore|Any CPU.Build.0 = Release|Any CPU
		{81EA1E23-BD16-40C8-8FB9-FFAF315840F2}.AppStore|ARM.ActiveCfg = Release|Any CPU
		{81EA1E23-BD16-40C8-8FB9-FFAF315840F2}.AppStore|ARM.Build.0 = Release|Any CPU
		{81EA1E23-BD16-40C8-8FB9-FFAF315840F2}.AppStore|iPhone.ActiveCfg = Release|Any CPU
		{81EA1E23-BD16-40C8-8FB9-FFAF315840F2}.AppStore|iPhone.Build.0 = Release|Any CPU
		{81EA1E23-BD16-40C8-8FB9-FFAF315840F2}.AppStore|iPhoneSimulator.ActiveCfg = Release|Any CPU
		{81EA1E23-BD16-40C8-8FB9-FFAF315840F2}.AppStore|iPhoneSimulator.Build.0 = Release|Any CPU
		{81EA1E23-BD16-40C8-8FB9-FFAF315840F2}.AppStore|x86.ActiveCfg = Release|x86
		{81EA1E23-BD16-40C8-8FB9-FFAF315840F2}.AppStore|x86.Build.0 = Release|x86
		{81EA1E23-BD16-40C8-8FB9-FFAF315840F2}.Debug|Any CPU.ActiveCfg = Debug|Any CPU
		{81EA1E23-BD16-40C8-8FB9-FFAF315840F2}.Debug|Any CPU.Build.0 = Debug|Any CPU
		{81EA1E23-BD16-40C8-8FB9-FFAF315840F2}.Debug|ARM.ActiveCfg = Debug|Any CPU
		{81EA1E23-BD16-40C8-8FB9-FFAF315840F2}.Debug|ARM.Build.0 = Debug|Any CPU
		{81EA1E23-BD16-40C8-8FB9-FFAF315840F2}.Debug|iPhone.ActiveCfg = Debug|Any CPU
		{81EA1E23-BD16-40C8-8FB9-FFAF315840F2}.Debug|iPhone.Build.0 = Debug|Any CPU
		{81EA1E23-BD16-40C8-8FB9-FFAF315840F2}.Debug|iPhoneSimulator.ActiveCfg = Debug|Any CPU
		{81EA1E23-BD16-40C8-8FB9-FFAF315840F2}.Debug|iPhoneSimulator.Build.0 = Debug|Any CPU
		{81EA1E23-BD16-40C8-8FB9-FFAF315840F2}.Debug|x86.ActiveCfg = Debug|x86
		{81EA1E23-BD16-40C8-8FB9-FFAF315840F2}.Debug|x86.Build.0 = Debug|x86
		{81EA1E23-BD16-40C8-8FB9-FFAF315840F2}.Release|Any CPU.ActiveCfg = Release|Any CPU
		{81EA1E23-BD16-40C8-8FB9-FFAF315840F2}.Release|Any CPU.Build.0 = Release|Any CPU
		{81EA1E23-BD16-40C8-8FB9-FFAF315840F2}.Release|ARM.ActiveCfg = Release|Any CPU
		{81EA1E23-BD16-40C8-8FB9-FFAF315840F2}.Release|ARM.Build.0 = Release|Any CPU
		{81EA1E23-BD16-40C8-8FB9-FFAF315840F2}.Release|iPhone.ActiveCfg = Release|Any CPU
		{81EA1E23-BD16-40C8-8FB9-FFAF315840F2}.Release|iPhone.Build.0 = Release|Any CPU
		{81EA1E23-BD16-40C8-8FB9-FFAF315840F2}.Release|iPhoneSimulator.ActiveCfg = Release|Any CPU
		{81EA1E23-BD16-40C8-8FB9-FFAF315840F2}.Release|iPhoneSimulator.Build.0 = Release|Any CPU
		{81EA1E23-BD16-40C8-8FB9-FFAF315840F2}.Release|x86.ActiveCfg = Release|x86
		{81EA1E23-BD16-40C8-8FB9-FFAF315840F2}.Release|x86.Build.0 = Release|x86
	EndGlobalSection
	GlobalSection(SolutionProperties) = preSolution
		HideSolutionNode = FALSE
	EndGlobalSection
	GlobalSection(NestedProjects) = preSolution
		{1C845929-5FFE-45B6-A9CE-95B74925AFCC} = {155F7E3C-A6BB-49D6-A01E-BC7A304CDCD6}
		{B6131A9A-D5B1-443F-9D70-C21F3C8EE5D2} = {155F7E3C-A6BB-49D6-A01E-BC7A304CDCD6}
		{2197E413-89F6-406F-9089-D132746E84D0} = {155F7E3C-A6BB-49D6-A01E-BC7A304CDCD6}
		{81EA1E23-BD16-40C8-8FB9-FFAF315840F2} = {155F7E3C-A6BB-49D6-A01E-BC7A304CDCD6}
	EndGlobalSection
EndGlobal
